
Microsoft Visual Studio Solution File, Format Version 12.00
# Visual Studio Version 16
VisualStudioVersion = 16.0.30413.136
MinimumVisualStudioVersion = 10.0.40219.1
Project("{2150E333-8FDC-42A3-9474-1A3956D46DE8}") = "22. Chainblock", "22. Chainblock", "{63105AFD-9EE8-472F-A2A1-8AF5C5F72DBA}"
EndProject
Project("{9A19103F-16F7-4668-BE54-9A1E7A4F7556}") = "Chainblock", "22. Chainblock\Chainblock\Chainblock.csproj", "{FC888B12-0C23-44EB-B843-4BD14E26E206}"
EndProject
Project("{9A19103F-16F7-4668-BE54-9A1E7A4F7556}") = "Chainblock.Tests", "22. Chainblock\Chainblock.Tests\Chainblock.Tests.csproj", "{525562BA-9092-47FD-90C4-865A848CF5B6}"
EndProject
Project("{2150E333-8FDC-42A3-9474-1A3956D46DE8}") = "21. UnitTesting", "21. UnitTesting", "{87C1FB08-91FC-4BC8-A1AA-7EFABDD1D017}"
EndProject
Project("{9A19103F-16F7-4668-BE54-9A1E7A4F7556}") = "CarManager", "21. UnitTesting\CarManager\CarManager.csproj", "{2E43357A-2E30-4B41-B163-9073D2E621F4}"
EndProject
Project("{9A19103F-16F7-4668-BE54-9A1E7A4F7556}") = "CarManager.Tests", "21. UnitTesting\CarManager.Tests\CarManager.Tests.csproj", "{FBE5921B-EC40-4E5A-9F7E-4233BC1DEB20}"
EndProject
Project("{9A19103F-16F7-4668-BE54-9A1E7A4F7556}") = "Database", "21. UnitTesting\Database\Database.csproj", "{E1FDF53D-C693-4E6D-8FC6-7FA2880E3DF1}"
EndProject
Project("{9A19103F-16F7-4668-BE54-9A1E7A4F7556}") = "Database.Tests", "21. UnitTesting\Database.Tests\Database.Tests.csproj", "{E06B0E40-58EE-46E4-976B-76C1E8254835}"
EndProject
Project("{9A19103F-16F7-4668-BE54-9A1E7A4F7556}") = "DatabaseExtended", "21. UnitTesting\DatabaseExtended\DatabaseExtended.csproj", "{2ABC9F6C-D3FF-4172-B36E-0273B7A4313F}"
EndProject
Project("{9A19103F-16F7-4668-BE54-9A1E7A4F7556}") = "DatabaseExtended.Tests", "21. UnitTesting\DatabaseExtended.Tests\DatabaseExtended.Tests.csproj", "{0C3706F0-1BF1-4FBE-A631-1F6440DDC1BC}"
EndProject
Project("{9A19103F-16F7-4668-BE54-9A1E7A4F7556}") = "FightingArena", "21. UnitTesting\FightingArena\FightingArena.csproj", "{0F843E14-AFD4-4E84-B50F-3CF7043C9338}"
EndProject
Project("{9A19103F-16F7-4668-BE54-9A1E7A4F7556}") = "FightingArena.Tests", "21. UnitTesting\FightingArena.Tests\FightingArena.Tests.csproj", "{76D22EA2-0E54-4630-A348-C1E5B3F68F37}"
EndProject
Global
	GlobalSection(SolutionConfigurationPlatforms) = preSolution
		Debug|Any CPU = Debug|Any CPU
		Release|Any CPU = Release|Any CPU
	EndGlobalSection
	GlobalSection(ProjectConfigurationPlatforms) = postSolution
		{FC888B12-0C23-44EB-B843-4BD14E26E206}.Debug|Any CPU.ActiveCfg = Debug|Any CPU
		{FC888B12-0C23-44EB-B843-4BD14E26E206}.Debug|Any CPU.Build.0 = Debug|Any CPU
		{FC888B12-0C23-44EB-B843-4BD14E26E206}.Release|Any CPU.ActiveCfg = Release|Any CPU
		{FC888B12-0C23-44EB-B843-4BD14E26E206}.Release|Any CPU.Build.0 = Release|Any CPU
		{525562BA-9092-47FD-90C4-865A848CF5B6}.Debug|Any CPU.ActiveCfg = Debug|Any CPU
		{525562BA-9092-47FD-90C4-865A848CF5B6}.Debug|Any CPU.Build.0 = Debug|Any CPU
		{525562BA-9092-47FD-90C4-865A848CF5B6}.Release|Any CPU.ActiveCfg = Release|Any CPU
		{525562BA-9092-47FD-90C4-865A848CF5B6}.Release|Any CPU.Build.0 = Release|Any CPU
		{2E43357A-2E30-4B41-B163-9073D2E621F4}.Debug|Any CPU.ActiveCfg = Debug|Any CPU
		{2E43357A-2E30-4B41-B163-9073D2E621F4}.Debug|Any CPU.Build.0 = Debug|Any CPU
		{2E43357A-2E30-4B41-B163-9073D2E621F4}.Release|Any CPU.ActiveCfg = Release|Any CPU
		{2E43357A-2E30-4B41-B163-9073D2E621F4}.Release|Any CPU.Build.0 = Release|Any CPU
		{FBE5921B-EC40-4E5A-9F7E-4233BC1DEB20}.Debug|Any CPU.ActiveCfg = Debug|Any CPU
		{FBE5921B-EC40-4E5A-9F7E-4233BC1DEB20}.Debug|Any CPU.Build.0 = Debug|Any CPU
		{FBE5921B-EC40-4E5A-9F7E-4233BC1DEB20}.Release|Any CPU.ActiveCfg = Release|Any CPU
		{FBE5921B-EC40-4E5A-9F7E-4233BC1DEB20}.Release|Any CPU.Build.0 = Release|Any CPU
		{E1FDF53D-C693-4E6D-8FC6-7FA2880E3DF1}.Debug|Any CPU.ActiveCfg = Debug|Any CPU
		{E1FDF53D-C693-4E6D-8FC6-7FA2880E3DF1}.Debug|Any CPU.Build.0 = Debug|Any CPU
		{E1FDF53D-C693-4E6D-8FC6-7FA2880E3DF1}.Release|Any CPU.ActiveCfg = Release|Any CPU
		{E1FDF53D-C693-4E6D-8FC6-7FA2880E3DF1}.Release|Any CPU.Build.0 = Release|Any CPU
		{E06B0E40-58EE-46E4-976B-76C1E8254835}.Debug|Any CPU.ActiveCfg = Debug|Any CPU
		{E06B0E40-58EE-46E4-976B-76C1E8254835}.Debug|Any CPU.Build.0 = Debug|Any CPU
		{E06B0E40-58EE-46E4-976B-76C1E8254835}.Release|Any CPU.ActiveCfg = Release|Any CPU
		{E06B0E40-58EE-46E4-976B-76C1E8254835}.Release|Any CPU.Build.0 = Release|Any CPU
		{2ABC9F6C-D3FF-4172-B36E-0273B7A4313F}.Debug|Any CPU.ActiveCfg = Debug|Any CPU
		{2ABC9F6C-D3FF-4172-B36E-0273B7A4313F}.Debug|Any CPU.Build.0 = Debug|Any CPU
		{2ABC9F6C-D3FF-4172-B36E-0273B7A4313F}.Release|Any CPU.ActiveCfg = Release|Any CPU
		{2ABC9F6C-D3FF-4172-B36E-0273B7A4313F}.Release|Any CPU.Build.0 = Release|Any CPU
		{0C3706F0-1BF1-4FBE-A631-1F6440DDC1BC}.Debug|Any CPU.ActiveCfg = Debug|Any CPU
		{0C3706F0-1BF1-4FBE-A631-1F6440DDC1BC}.Debug|Any CPU.Build.0 = Debug|Any CPU
		{0C3706F0-1BF1-4FBE-A631-1F6440DDC1BC}.Release|Any CPU.ActiveCfg = Release|Any CPU
		{0C3706F0-1BF1-4FBE-A631-1F6440DDC1BC}.Release|Any CPU.Build.0 = Release|Any CPU
		{0F843E14-AFD4-4E84-B50F-3CF7043C9338}.Debug|Any CPU.ActiveCfg = Debug|Any CPU
		{0F843E14-AFD4-4E84-B50F-3CF7043C9338}.Debug|Any CPU.Build.0 = Debug|Any CPU
		{0F843E14-AFD4-4E84-B50F-3CF7043C9338}.Release|Any CPU.ActiveCfg = Release|Any CPU
		{0F843E14-AFD4-4E84-B50F-3CF7043C9338}.Release|Any CPU.Build.0 = Release|Any CPU
		{76D22EA2-0E54-4630-A348-C1E5B3F68F37}.Debug|Any CPU.ActiveCfg = Debug|Any CPU
		{76D22EA2-0E54-4630-A348-C1E5B3F68F37}.Debug|Any CPU.Build.0 = Debug|Any CPU
		{76D22EA2-0E54-4630-A348-C1E5B3F68F37}.Release|Any CPU.ActiveCfg = Release|Any CPU
		{76D22EA2-0E54-4630-A348-C1E5B3F68F37}.Release|Any CPU.Build.0 = Release|Any CPU
	EndGlobalSection
	GlobalSection(SolutionProperties) = preSolution
		HideSolutionNode = FALSE
	EndGlobalSection
	GlobalSection(NestedProjects) = preSolution
		{FC888B12-0C23-44EB-B843-4BD14E26E206} = {63105AFD-9EE8-472F-A2A1-8AF5C5F72DBA}
		{525562BA-9092-47FD-90C4-865A848CF5B6} = {63105AFD-9EE8-472F-A2A1-8AF5C5F72DBA}
		{2E43357A-2E30-4B41-B163-9073D2E621F4} = {87C1FB08-91FC-4BC8-A1AA-7EFABDD1D017}
		{FBE5921B-EC40-4E5A-9F7E-4233BC1DEB20} = {87C1FB08-91FC-4BC8-A1AA-7EFABDD1D017}
		{E1FDF53D-C693-4E6D-8FC6-7FA2880E3DF1} = {87C1FB08-91FC-4BC8-A1AA-7EFABDD1D017}
		{E06B0E40-58EE-46E4-976B-76C1E8254835} = {87C1FB08-91FC-4BC8-A1AA-7EFABDD1D017}
		{2ABC9F6C-D3FF-4172-B36E-0273B7A4313F} = {87C1FB08-91FC-4BC8-A1AA-7EFABDD1D017}
		{0C3706F0-1BF1-4FBE-A631-1F6440DDC1BC} = {87C1FB08-91FC-4BC8-A1AA-7EFABDD1D017}
		{0F843E14-AFD4-4E84-B50F-3CF7043C9338} = {87C1FB08-91FC-4BC8-A1AA-7EFABDD1D017}
	EndGlobalSection
	GlobalSection(ExtensibilityGlobals) = postSolution
		SolutionGuid = {64A1EE09-437F-41D4-AE52-A1D485FA90DC}
	EndGlobalSection
EndGlobal
