
Microsoft Visual Studio Solution File, Format Version 12.00
# Visual Studio Version 16
VisualStudioVersion = 16.0.30413.136
MinimumVisualStudioVersion = 10.0.40219.1
Project("{2150E333-8FDC-42A3-9474-1A3956D46DE8}") = "09.Chainblock", "09.Chainblock", "{63105AFD-9EE8-472F-A2A1-8AF5C5F72DBA}"
EndProject
Project("{2150E333-8FDC-42A3-9474-1A3956D46DE8}") = "08.UnitTesting", "08.UnitTesting", "{87C1FB08-91FC-4BC8-A1AA-7EFABDD1D017}"
EndProject
Project("{2150E333-8FDC-42A3-9474-1A3956D46DE8}") = "01.WorkingWithAbstractions", "01.WorkingWithAbstractions", "{2FD24D7D-6DAE-4770-896F-7A920A17D233}"
EndProject
Project("{2150E333-8FDC-42A3-9474-1A3956D46DE8}") = "02.Inheritance", "02.Inheritance", "{F3A52243-7C10-425C-B32F-8FD950792F38}"
EndProject
Project("{2150E333-8FDC-42A3-9474-1A3956D46DE8}") = "03.Encapsulation", "03.Encapsulation", "{9E4BDD3E-67CC-4005-A9DB-E4DEA1393460}"
EndProject
Project("{2150E333-8FDC-42A3-9474-1A3956D46DE8}") = "04.InterfacesAndAbstraction", "04.InterfacesAndAbstraction", "{F9EDD95B-3166-49B8-9250-6985A0BE68AA}"
EndProject
Project("{2150E333-8FDC-42A3-9474-1A3956D46DE8}") = "05.Polymorphism", "05.Polymorphism", "{B070031A-3CBD-46D2-9E3D-5E76DC86FC3D}"
EndProject
Project("{2150E333-8FDC-42A3-9474-1A3956D46DE8}") = "06.SOLID", "06.SOLID", "{47DE4CE2-40CE-4F97-9692-0580ED61D751}"
EndProject
Project("{2150E333-8FDC-42A3-9474-1A3956D46DE8}") = "07.ReflectionAndAttributes", "07.ReflectionAndAttributes", "{F062D65B-243E-4681-8F76-1C8B4630A056}"
EndProject
Project("{9A19103F-16F7-4668-BE54-9A1E7A4F7556}") = "01.RawData", "01.WorkingWithAbstractions\01.RawData\01.RawData.csproj", "{FB24871F-7BFC-4A2C-96F4-57011127CAB1}"
EndProject
Project("{9A19103F-16F7-4668-BE54-9A1E7A4F7556}") = "02.CarSalesMan", "01.WorkingWithAbstractions\02.CarSalesMan\02.CarSalesMan.csproj", "{DC8C9994-897D-44D8-B68D-1F57D95AC087}"
EndProject
Project("{9A19103F-16F7-4668-BE54-9A1E7A4F7556}") = "05.Greedy Times", "01.WorkingWithAbstractions\05.Greedy Times\05.Greedy Times.csproj", "{710EF361-E6F0-4EE3-94DC-CF004ED3A16D}"
EndProject
Project("{9A19103F-16F7-4668-BE54-9A1E7A4F7556}") = "Animals", "02.Inheritance\Animals\Animals.csproj", "{4072D92D-19F5-4061-8A89-E1AD622BB7A4}"
EndProject
Project("{9A19103F-16F7-4668-BE54-9A1E7A4F7556}") = "NeedForSpeed", "02.Inheritance\NeedForSpeed\NeedForSpeed.csproj", "{875F195D-67F4-4FAF-A6E5-C692CB86B3B1}"
EndProject
Project("{9A19103F-16F7-4668-BE54-9A1E7A4F7556}") = "Person", "02.Inheritance\Person\Person.csproj", "{EC0EBF52-8747-4E9B-BE13-654B087808C0}"
EndProject
Project("{9A19103F-16F7-4668-BE54-9A1E7A4F7556}") = "PlayersAndMonsters", "02.Inheritance\PlayersAndMonsters\PlayersAndMonsters.csproj", "{E6C8C274-496F-4AC0-8F52-683435ECC797}"
EndProject
Project("{9A19103F-16F7-4668-BE54-9A1E7A4F7556}") = "Restaurant", "02.Inheritance\Restaurant\Restaurant.csproj", "{3E08E3AA-839B-44B9-95F8-3A4064728FD7}"
EndProject
Project("{9A19103F-16F7-4668-BE54-9A1E7A4F7556}") = "Zoo", "02.Inheritance\Zoo\Zoo.csproj", "{44518C28-59FA-417A-BFB3-E9A71658AFCB}"
EndProject
Project("{9A19103F-16F7-4668-BE54-9A1E7A4F7556}") = "ClassBoxData", "03.Encapsulation\ClassBoxData\ClassBoxData.csproj", "{4B6A6569-0E0D-4166-AF84-EEE35C7A102B}"
EndProject
Project("{9A19103F-16F7-4668-BE54-9A1E7A4F7556}") = "Football_Team_Generator", "03.Encapsulation\Football_Team_Generator\Football_Team_Generator.csproj", "{7DF23BBE-1E8C-480E-A7DC-06425D59C9E6}"
EndProject
Project("{9A19103F-16F7-4668-BE54-9A1E7A4F7556}") = "PizzaCalories", "03.Encapsulation\PizzaCalories\PizzaCalories.csproj", "{DE7AEFD1-9B17-4560-8144-4A4A8FD5439E}"
EndProject
Project("{9A19103F-16F7-4668-BE54-9A1E7A4F7556}") = "ShoppingSpree", "03.Encapsulation\ShoppingSpree\ShoppingSpree.csproj", "{73CA7D8F-FDCF-4393-9CF2-F967803EAA37}"
EndProject
Project("{9A19103F-16F7-4668-BE54-9A1E7A4F7556}") = "CollectionHierarchy", "04.InterfacesAndAbstraction\CollectionHierarchy\CollectionHierarchy.csproj", "{C7E45A6E-F325-49DB-85DB-55492DCA0051}"
EndProject
Project("{9A19103F-16F7-4668-BE54-9A1E7A4F7556}") = "ExplicitInterfaces", "04.InterfacesAndAbstraction\ExplicitInterfaces\ExplicitInterfaces.csproj", "{FE02CD60-CA47-40ED-A931-68E0C1EEA2AA}"
EndProject
Project("{9A19103F-16F7-4668-BE54-9A1E7A4F7556}") = "FoodShortage", "04.InterfacesAndAbstraction\FoodShortage\FoodShortage.csproj", "{ABAF4741-FDF1-40BC-89C8-44E8DFB5CB17}"
EndProject
Project("{9A19103F-16F7-4668-BE54-9A1E7A4F7556}") = "PersonInfo", "04.InterfacesAndAbstraction\PersonInfo\PersonInfo.csproj", "{61F807B4-1840-43E1-83B9-FFEEEA157CFC}"
EndProject
Project("{9A19103F-16F7-4668-BE54-9A1E7A4F7556}") = "Raiding", "05.Polymorphism\Raiding\Raiding.csproj", "{9601B398-F0E3-4CA1-B717-085D71186C03}"
EndProject
Project("{9A19103F-16F7-4668-BE54-9A1E7A4F7556}") = "WildFarm", "05.Polymorphism\WildFarm\WildFarm.csproj", "{90091834-C917-4F2F-8BD1-2C8C115EC78D}"
EndProject
Project("{9A19103F-16F7-4668-BE54-9A1E7A4F7556}") = "Logger", "06.SOLID\Logger\Logger.csproj", "{37C5F875-3AD7-4E89-8D62-5040EEC0A40D}"
EndProject
Project("{9A19103F-16F7-4668-BE54-9A1E7A4F7556}") = "Test", "06.SOLID\Test\Test.csproj", "{9EF567DE-FAC8-43F3-95A0-C0EBC1871800}"
EndProject
Project("{9A19103F-16F7-4668-BE54-9A1E7A4F7556}") = "CommandPattern", "07.ReflectionAndAttributes\CommandPattern\CommandPattern.csproj", "{5CEDC6B6-DD80-41A2-9AD7-89985F72BE7B}"
EndProject
Project("{9A19103F-16F7-4668-BE54-9A1E7A4F7556}") = "ValidationAttributes", "07.ReflectionAndAttributes\ValidationAttributes\ValidationAttributes.csproj", "{57E438E8-1710-4426-8208-57D394B484DF}"
EndProject
Project("{9A19103F-16F7-4668-BE54-9A1E7A4F7556}") = "CarManager", "08.UnitTesting\CarManager\CarManager.csproj", "{4EDC945C-6CB8-4682-B144-6190E593CE3E}"
EndProject
Project("{9A19103F-16F7-4668-BE54-9A1E7A4F7556}") = "CarManager.Tests", "08.UnitTesting\CarManager.Tests\CarManager.Tests.csproj", "{02EC27B2-D0E9-4F37-A332-E64B45C923BC}"
EndProject
Project("{9A19103F-16F7-4668-BE54-9A1E7A4F7556}") = "Database", "08.UnitTesting\Database\Database.csproj", "{98A6FDB2-4BEB-4C36-9D35-251C6465DED0}"
EndProject
Project("{9A19103F-16F7-4668-BE54-9A1E7A4F7556}") = "Database.Tests", "08.UnitTesting\Database.Tests\Database.Tests.csproj", "{F5F04830-A522-4098-A931-8F370071F68D}"
EndProject
Project("{9A19103F-16F7-4668-BE54-9A1E7A4F7556}") = "DatabaseExtended", "08.UnitTesting\DatabaseExtended\DatabaseExtended.csproj", "{5D8F7990-2EE8-4D45-AD79-EF30E2170C28}"
EndProject
Project("{9A19103F-16F7-4668-BE54-9A1E7A4F7556}") = "DatabaseExtended.Tests", "08.UnitTesting\DatabaseExtended.Tests\DatabaseExtended.Tests.csproj", "{1160927A-C264-4BCA-9103-9F955F7D8D14}"
EndProject
Project("{9A19103F-16F7-4668-BE54-9A1E7A4F7556}") = "FightingArena", "08.UnitTesting\FightingArena\FightingArena.csproj", "{21351ECB-D4AF-45C1-9A53-4E61EA8D871A}"
EndProject
Project("{9A19103F-16F7-4668-BE54-9A1E7A4F7556}") = "FightingArena.Tests", "08.UnitTesting\FightingArena.Tests\FightingArena.Tests.csproj", "{AAA15C8F-7E29-4AF8-90E2-49761BF1C3D0}"
EndProject
Project("{9A19103F-16F7-4668-BE54-9A1E7A4F7556}") = "Chainblock", "09.Chainblock\Chainblock\Chainblock.csproj", "{7EC35E16-7F2D-496E-A688-A1632F63CE2C}"
EndProject
Project("{9A19103F-16F7-4668-BE54-9A1E7A4F7556}") = "Chainblock.Tests", "09.Chainblock\Chainblock.Tests\Chainblock.Tests.csproj", "{2A967C9B-0AD2-4C66-B83C-D162DADB700C}"
EndProject
Project("{9A19103F-16F7-4668-BE54-9A1E7A4F7556}") = "P03_JediGalaxy", "01.WorkingWithAbstractions\04.JediGalaxy\P03_JediGalaxy.csproj", "{44251BDD-C5A3-48D8-A138-AC89C8FDDB70}"
EndProject
Project("{9A19103F-16F7-4668-BE54-9A1E7A4F7556}") = "P04_Hospital", "01.WorkingWithAbstractions\03.Hospital\P04_Hospital.csproj", "{22F2664D-45A7-45BD-AC36-A48C2E77DD5D}"
EndProject
Project("{9A19103F-16F7-4668-BE54-9A1E7A4F7556}") = "AnimalFarm", "03.Encapsulation\AnimalFarm\AnimalFarm\AnimalFarm.csproj", "{17DBE0DA-800D-4584-A1F4-0D369B89708A}"
EndProject
Project("{9A19103F-16F7-4668-BE54-9A1E7A4F7556}") = "Telephony", "04.InterfacesAndAbstraction\Telephony\Telephony.csproj", "{CD284282-5542-4D96-BDB5-52C6A2784ECD}"
EndProject
Project("{9A19103F-16F7-4668-BE54-9A1E7A4F7556}") = "BoarderControl", "04.InterfacesAndAbstraction\BoarderControl\BoarderControl.csproj", "{90CF9733-CC0F-44FB-8380-F33A1F5151C0}"
EndProject
Project("{9A19103F-16F7-4668-BE54-9A1E7A4F7556}") = "BirthdayCelebration", "04.InterfacesAndAbstraction\BirthdayCelebration\BirthdayCelebration.csproj", "{C32FB5D9-11F3-4810-80C8-BCE94F9F3356}"
EndProject
Project("{9A19103F-16F7-4668-BE54-9A1E7A4F7556}") = "MilitaryElite", "04.InterfacesAndAbstraction\MilitaryEllite\MilitaryElite.csproj", "{C0776EDD-F22F-432F-8600-B4FAD7A90E48}"
EndProject
Project("{9A19103F-16F7-4668-BE54-9A1E7A4F7556}") = "Vehicles", "05.Polymorphism\Vehicles\Vehicles.csproj", "{BEB13E63-A134-46A1-B3A5-4E41BBEC630C}"
EndProject
Project("{2150E333-8FDC-42A3-9474-1A3956D46DE8}") = "10.DesignPatterns", "10.DesignPatterns", "{48476509-8567-4A56-8D50-B36D898FAE19}"
EndProject
Project("{9A19103F-16F7-4668-BE54-9A1E7A4F7556}") = "01.Singleton", "10.DesignPatterns\01.Singleton\01.Singleton.csproj", "{D70C2AF2-EB0E-4F51-8A41-3A259C636374}"
EndProject
Global
	GlobalSection(SolutionConfigurationPlatforms) = preSolution
		Debug|Any CPU = Debug|Any CPU
		Release|Any CPU = Release|Any CPU
	EndGlobalSection
	GlobalSection(ProjectConfigurationPlatforms) = postSolution
		{FB24871F-7BFC-4A2C-96F4-57011127CAB1}.Debug|Any CPU.ActiveCfg = Debug|Any CPU
		{FB24871F-7BFC-4A2C-96F4-57011127CAB1}.Debug|Any CPU.Build.0 = Debug|Any CPU
		{FB24871F-7BFC-4A2C-96F4-57011127CAB1}.Release|Any CPU.ActiveCfg = Release|Any CPU
		{FB24871F-7BFC-4A2C-96F4-57011127CAB1}.Release|Any CPU.Build.0 = Release|Any CPU
		{DC8C9994-897D-44D8-B68D-1F57D95AC087}.Debug|Any CPU.ActiveCfg = Debug|Any CPU
		{DC8C9994-897D-44D8-B68D-1F57D95AC087}.Debug|Any CPU.Build.0 = Debug|Any CPU
		{DC8C9994-897D-44D8-B68D-1F57D95AC087}.Release|Any CPU.ActiveCfg = Release|Any CPU
		{DC8C9994-897D-44D8-B68D-1F57D95AC087}.Release|Any CPU.Build.0 = Release|Any CPU
		{710EF361-E6F0-4EE3-94DC-CF004ED3A16D}.Debug|Any CPU.ActiveCfg = Debug|Any CPU
		{710EF361-E6F0-4EE3-94DC-CF004ED3A16D}.Debug|Any CPU.Build.0 = Debug|Any CPU
		{710EF361-E6F0-4EE3-94DC-CF004ED3A16D}.Release|Any CPU.ActiveCfg = Release|Any CPU
		{710EF361-E6F0-4EE3-94DC-CF004ED3A16D}.Release|Any CPU.Build.0 = Release|Any CPU
		{4072D92D-19F5-4061-8A89-E1AD622BB7A4}.Debug|Any CPU.ActiveCfg = Debug|Any CPU
		{4072D92D-19F5-4061-8A89-E1AD622BB7A4}.Debug|Any CPU.Build.0 = Debug|Any CPU
		{4072D92D-19F5-4061-8A89-E1AD622BB7A4}.Release|Any CPU.ActiveCfg = Release|Any CPU
		{4072D92D-19F5-4061-8A89-E1AD622BB7A4}.Release|Any CPU.Build.0 = Release|Any CPU
		{875F195D-67F4-4FAF-A6E5-C692CB86B3B1}.Debug|Any CPU.ActiveCfg = Debug|Any CPU
		{875F195D-67F4-4FAF-A6E5-C692CB86B3B1}.Debug|Any CPU.Build.0 = Debug|Any CPU
		{875F195D-67F4-4FAF-A6E5-C692CB86B3B1}.Release|Any CPU.ActiveCfg = Release|Any CPU
		{875F195D-67F4-4FAF-A6E5-C692CB86B3B1}.Release|Any CPU.Build.0 = Release|Any CPU
		{EC0EBF52-8747-4E9B-BE13-654B087808C0}.Debug|Any CPU.ActiveCfg = Debug|Any CPU
		{EC0EBF52-8747-4E9B-BE13-654B087808C0}.Debug|Any CPU.Build.0 = Debug|Any CPU
		{EC0EBF52-8747-4E9B-BE13-654B087808C0}.Release|Any CPU.ActiveCfg = Release|Any CPU
		{EC0EBF52-8747-4E9B-BE13-654B087808C0}.Release|Any CPU.Build.0 = Release|Any CPU
		{E6C8C274-496F-4AC0-8F52-683435ECC797}.Debug|Any CPU.ActiveCfg = Debug|Any CPU
		{E6C8C274-496F-4AC0-8F52-683435ECC797}.Debug|Any CPU.Build.0 = Debug|Any CPU
		{E6C8C274-496F-4AC0-8F52-683435ECC797}.Release|Any CPU.ActiveCfg = Release|Any CPU
		{E6C8C274-496F-4AC0-8F52-683435ECC797}.Release|Any CPU.Build.0 = Release|Any CPU
		{3E08E3AA-839B-44B9-95F8-3A4064728FD7}.Debug|Any CPU.ActiveCfg = Debug|Any CPU
		{3E08E3AA-839B-44B9-95F8-3A4064728FD7}.Debug|Any CPU.Build.0 = Debug|Any CPU
		{3E08E3AA-839B-44B9-95F8-3A4064728FD7}.Release|Any CPU.ActiveCfg = Release|Any CPU
		{3E08E3AA-839B-44B9-95F8-3A4064728FD7}.Release|Any CPU.Build.0 = Release|Any CPU
		{44518C28-59FA-417A-BFB3-E9A71658AFCB}.Debug|Any CPU.ActiveCfg = Debug|Any CPU
		{44518C28-59FA-417A-BFB3-E9A71658AFCB}.Debug|Any CPU.Build.0 = Debug|Any CPU
		{44518C28-59FA-417A-BFB3-E9A71658AFCB}.Release|Any CPU.ActiveCfg = Release|Any CPU
		{44518C28-59FA-417A-BFB3-E9A71658AFCB}.Release|Any CPU.Build.0 = Release|Any CPU
		{4B6A6569-0E0D-4166-AF84-EEE35C7A102B}.Debug|Any CPU.ActiveCfg = Debug|Any CPU
		{4B6A6569-0E0D-4166-AF84-EEE35C7A102B}.Debug|Any CPU.Build.0 = Debug|Any CPU
		{4B6A6569-0E0D-4166-AF84-EEE35C7A102B}.Release|Any CPU.ActiveCfg = Release|Any CPU
		{4B6A6569-0E0D-4166-AF84-EEE35C7A102B}.Release|Any CPU.Build.0 = Release|Any CPU
		{7DF23BBE-1E8C-480E-A7DC-06425D59C9E6}.Debug|Any CPU.ActiveCfg = Debug|Any CPU
		{7DF23BBE-1E8C-480E-A7DC-06425D59C9E6}.Debug|Any CPU.Build.0 = Debug|Any CPU
		{7DF23BBE-1E8C-480E-A7DC-06425D59C9E6}.Release|Any CPU.ActiveCfg = Release|Any CPU
		{7DF23BBE-1E8C-480E-A7DC-06425D59C9E6}.Release|Any CPU.Build.0 = Release|Any CPU
		{DE7AEFD1-9B17-4560-8144-4A4A8FD5439E}.Debug|Any CPU.ActiveCfg = Debug|Any CPU
		{DE7AEFD1-9B17-4560-8144-4A4A8FD5439E}.Debug|Any CPU.Build.0 = Debug|Any CPU
		{DE7AEFD1-9B17-4560-8144-4A4A8FD5439E}.Release|Any CPU.ActiveCfg = Release|Any CPU
		{DE7AEFD1-9B17-4560-8144-4A4A8FD5439E}.Release|Any CPU.Build.0 = Release|Any CPU
		{73CA7D8F-FDCF-4393-9CF2-F967803EAA37}.Debug|Any CPU.ActiveCfg = Debug|Any CPU
		{73CA7D8F-FDCF-4393-9CF2-F967803EAA37}.Debug|Any CPU.Build.0 = Debug|Any CPU
		{73CA7D8F-FDCF-4393-9CF2-F967803EAA37}.Release|Any CPU.ActiveCfg = Release|Any CPU
		{73CA7D8F-FDCF-4393-9CF2-F967803EAA37}.Release|Any CPU.Build.0 = Release|Any CPU
		{C7E45A6E-F325-49DB-85DB-55492DCA0051}.Debug|Any CPU.ActiveCfg = Debug|Any CPU
		{C7E45A6E-F325-49DB-85DB-55492DCA0051}.Debug|Any CPU.Build.0 = Debug|Any CPU
		{C7E45A6E-F325-49DB-85DB-55492DCA0051}.Release|Any CPU.ActiveCfg = Release|Any CPU
		{C7E45A6E-F325-49DB-85DB-55492DCA0051}.Release|Any CPU.Build.0 = Release|Any CPU
		{FE02CD60-CA47-40ED-A931-68E0C1EEA2AA}.Debug|Any CPU.ActiveCfg = Debug|Any CPU
		{FE02CD60-CA47-40ED-A931-68E0C1EEA2AA}.Debug|Any CPU.Build.0 = Debug|Any CPU
		{FE02CD60-CA47-40ED-A931-68E0C1EEA2AA}.Release|Any CPU.ActiveCfg = Release|Any CPU
		{FE02CD60-CA47-40ED-A931-68E0C1EEA2AA}.Release|Any CPU.Build.0 = Release|Any CPU
		{ABAF4741-FDF1-40BC-89C8-44E8DFB5CB17}.Debug|Any CPU.ActiveCfg = Debug|Any CPU
		{ABAF4741-FDF1-40BC-89C8-44E8DFB5CB17}.Debug|Any CPU.Build.0 = Debug|Any CPU
		{ABAF4741-FDF1-40BC-89C8-44E8DFB5CB17}.Release|Any CPU.ActiveCfg = Release|Any CPU
		{ABAF4741-FDF1-40BC-89C8-44E8DFB5CB17}.Release|Any CPU.Build.0 = Release|Any CPU
		{61F807B4-1840-43E1-83B9-FFEEEA157CFC}.Debug|Any CPU.ActiveCfg = Debug|Any CPU
		{61F807B4-1840-43E1-83B9-FFEEEA157CFC}.Debug|Any CPU.Build.0 = Debug|Any CPU
		{61F807B4-1840-43E1-83B9-FFEEEA157CFC}.Release|Any CPU.ActiveCfg = Release|Any CPU
		{61F807B4-1840-43E1-83B9-FFEEEA157CFC}.Release|Any CPU.Build.0 = Release|Any CPU
		{9601B398-F0E3-4CA1-B717-085D71186C03}.Debug|Any CPU.ActiveCfg = Debug|Any CPU
		{9601B398-F0E3-4CA1-B717-085D71186C03}.Debug|Any CPU.Build.0 = Debug|Any CPU
		{9601B398-F0E3-4CA1-B717-085D71186C03}.Release|Any CPU.ActiveCfg = Release|Any CPU
		{9601B398-F0E3-4CA1-B717-085D71186C03}.Release|Any CPU.Build.0 = Release|Any CPU
		{90091834-C917-4F2F-8BD1-2C8C115EC78D}.Debug|Any CPU.ActiveCfg = Debug|Any CPU
		{90091834-C917-4F2F-8BD1-2C8C115EC78D}.Debug|Any CPU.Build.0 = Debug|Any CPU
		{90091834-C917-4F2F-8BD1-2C8C115EC78D}.Release|Any CPU.ActiveCfg = Release|Any CPU
		{90091834-C917-4F2F-8BD1-2C8C115EC78D}.Release|Any CPU.Build.0 = Release|Any CPU
		{37C5F875-3AD7-4E89-8D62-5040EEC0A40D}.Debug|Any CPU.ActiveCfg = Debug|Any CPU
		{37C5F875-3AD7-4E89-8D62-5040EEC0A40D}.Debug|Any CPU.Build.0 = Debug|Any CPU
		{37C5F875-3AD7-4E89-8D62-5040EEC0A40D}.Release|Any CPU.ActiveCfg = Release|Any CPU
		{37C5F875-3AD7-4E89-8D62-5040EEC0A40D}.Release|Any CPU.Build.0 = Release|Any CPU
		{9EF567DE-FAC8-43F3-95A0-C0EBC1871800}.Debug|Any CPU.ActiveCfg = Debug|Any CPU
		{9EF567DE-FAC8-43F3-95A0-C0EBC1871800}.Debug|Any CPU.Build.0 = Debug|Any CPU
		{9EF567DE-FAC8-43F3-95A0-C0EBC1871800}.Release|Any CPU.ActiveCfg = Release|Any CPU
		{9EF567DE-FAC8-43F3-95A0-C0EBC1871800}.Release|Any CPU.Build.0 = Release|Any CPU
		{5CEDC6B6-DD80-41A2-9AD7-89985F72BE7B}.Debug|Any CPU.ActiveCfg = Debug|Any CPU
		{5CEDC6B6-DD80-41A2-9AD7-89985F72BE7B}.Debug|Any CPU.Build.0 = Debug|Any CPU
		{5CEDC6B6-DD80-41A2-9AD7-89985F72BE7B}.Release|Any CPU.ActiveCfg = Release|Any CPU
		{5CEDC6B6-DD80-41A2-9AD7-89985F72BE7B}.Release|Any CPU.Build.0 = Release|Any CPU
		{57E438E8-1710-4426-8208-57D394B484DF}.Debug|Any CPU.ActiveCfg = Debug|Any CPU
		{57E438E8-1710-4426-8208-57D394B484DF}.Debug|Any CPU.Build.0 = Debug|Any CPU
		{57E438E8-1710-4426-8208-57D394B484DF}.Release|Any CPU.ActiveCfg = Release|Any CPU
		{57E438E8-1710-4426-8208-57D394B484DF}.Release|Any CPU.Build.0 = Release|Any CPU
		{4EDC945C-6CB8-4682-B144-6190E593CE3E}.Debug|Any CPU.ActiveCfg = Debug|Any CPU
		{4EDC945C-6CB8-4682-B144-6190E593CE3E}.Debug|Any CPU.Build.0 = Debug|Any CPU
		{4EDC945C-6CB8-4682-B144-6190E593CE3E}.Release|Any CPU.ActiveCfg = Release|Any CPU
		{4EDC945C-6CB8-4682-B144-6190E593CE3E}.Release|Any CPU.Build.0 = Release|Any CPU
		{02EC27B2-D0E9-4F37-A332-E64B45C923BC}.Debug|Any CPU.ActiveCfg = Debug|Any CPU
		{02EC27B2-D0E9-4F37-A332-E64B45C923BC}.Debug|Any CPU.Build.0 = Debug|Any CPU
		{02EC27B2-D0E9-4F37-A332-E64B45C923BC}.Release|Any CPU.ActiveCfg = Release|Any CPU
		{02EC27B2-D0E9-4F37-A332-E64B45C923BC}.Release|Any CPU.Build.0 = Release|Any CPU
		{98A6FDB2-4BEB-4C36-9D35-251C6465DED0}.Debug|Any CPU.ActiveCfg = Debug|Any CPU
		{98A6FDB2-4BEB-4C36-9D35-251C6465DED0}.Debug|Any CPU.Build.0 = Debug|Any CPU
		{98A6FDB2-4BEB-4C36-9D35-251C6465DED0}.Release|Any CPU.ActiveCfg = Release|Any CPU
		{98A6FDB2-4BEB-4C36-9D35-251C6465DED0}.Release|Any CPU.Build.0 = Release|Any CPU
		{F5F04830-A522-4098-A931-8F370071F68D}.Debug|Any CPU.ActiveCfg = Debug|Any CPU
		{F5F04830-A522-4098-A931-8F370071F68D}.Debug|Any CPU.Build.0 = Debug|Any CPU
		{F5F04830-A522-4098-A931-8F370071F68D}.Release|Any CPU.ActiveCfg = Release|Any CPU
		{F5F04830-A522-4098-A931-8F370071F68D}.Release|Any CPU.Build.0 = Release|Any CPU
		{5D8F7990-2EE8-4D45-AD79-EF30E2170C28}.Debug|Any CPU.ActiveCfg = Debug|Any CPU
		{5D8F7990-2EE8-4D45-AD79-EF30E2170C28}.Debug|Any CPU.Build.0 = Debug|Any CPU
		{5D8F7990-2EE8-4D45-AD79-EF30E2170C28}.Release|Any CPU.ActiveCfg = Release|Any CPU
		{5D8F7990-2EE8-4D45-AD79-EF30E2170C28}.Release|Any CPU.Build.0 = Release|Any CPU
		{1160927A-C264-4BCA-9103-9F955F7D8D14}.Debug|Any CPU.ActiveCfg = Debug|Any CPU
		{1160927A-C264-4BCA-9103-9F955F7D8D14}.Debug|Any CPU.Build.0 = Debug|Any CPU
		{1160927A-C264-4BCA-9103-9F955F7D8D14}.Release|Any CPU.ActiveCfg = Release|Any CPU
		{1160927A-C264-4BCA-9103-9F955F7D8D14}.Release|Any CPU.Build.0 = Release|Any CPU
		{21351ECB-D4AF-45C1-9A53-4E61EA8D871A}.Debug|Any CPU.ActiveCfg = Debug|Any CPU
		{21351ECB-D4AF-45C1-9A53-4E61EA8D871A}.Debug|Any CPU.Build.0 = Debug|Any CPU
		{21351ECB-D4AF-45C1-9A53-4E61EA8D871A}.Release|Any CPU.ActiveCfg = Release|Any CPU
		{21351ECB-D4AF-45C1-9A53-4E61EA8D871A}.Release|Any CPU.Build.0 = Release|Any CPU
		{AAA15C8F-7E29-4AF8-90E2-49761BF1C3D0}.Debug|Any CPU.ActiveCfg = Debug|Any CPU
		{AAA15C8F-7E29-4AF8-90E2-49761BF1C3D0}.Debug|Any CPU.Build.0 = Debug|Any CPU
		{AAA15C8F-7E29-4AF8-90E2-49761BF1C3D0}.Release|Any CPU.ActiveCfg = Release|Any CPU
		{AAA15C8F-7E29-4AF8-90E2-49761BF1C3D0}.Release|Any CPU.Build.0 = Release|Any CPU
		{7EC35E16-7F2D-496E-A688-A1632F63CE2C}.Debug|Any CPU.ActiveCfg = Debug|Any CPU
		{7EC35E16-7F2D-496E-A688-A1632F63CE2C}.Debug|Any CPU.Build.0 = Debug|Any CPU
		{7EC35E16-7F2D-496E-A688-A1632F63CE2C}.Release|Any CPU.ActiveCfg = Release|Any CPU
		{7EC35E16-7F2D-496E-A688-A1632F63CE2C}.Release|Any CPU.Build.0 = Release|Any CPU
		{2A967C9B-0AD2-4C66-B83C-D162DADB700C}.Debug|Any CPU.ActiveCfg = Debug|Any CPU
		{2A967C9B-0AD2-4C66-B83C-D162DADB700C}.Debug|Any CPU.Build.0 = Debug|Any CPU
		{2A967C9B-0AD2-4C66-B83C-D162DADB700C}.Release|Any CPU.ActiveCfg = Release|Any CPU
		{2A967C9B-0AD2-4C66-B83C-D162DADB700C}.Release|Any CPU.Build.0 = Release|Any CPU
		{44251BDD-C5A3-48D8-A138-AC89C8FDDB70}.Debug|Any CPU.ActiveCfg = Debug|Any CPU
		{44251BDD-C5A3-48D8-A138-AC89C8FDDB70}.Debug|Any CPU.Build.0 = Debug|Any CPU
		{44251BDD-C5A3-48D8-A138-AC89C8FDDB70}.Release|Any CPU.ActiveCfg = Release|Any CPU
		{44251BDD-C5A3-48D8-A138-AC89C8FDDB70}.Release|Any CPU.Build.0 = Release|Any CPU
		{22F2664D-45A7-45BD-AC36-A48C2E77DD5D}.Debug|Any CPU.ActiveCfg = Debug|Any CPU
		{22F2664D-45A7-45BD-AC36-A48C2E77DD5D}.Debug|Any CPU.Build.0 = Debug|Any CPU
		{22F2664D-45A7-45BD-AC36-A48C2E77DD5D}.Release|Any CPU.ActiveCfg = Release|Any CPU
		{22F2664D-45A7-45BD-AC36-A48C2E77DD5D}.Release|Any CPU.Build.0 = Release|Any CPU
		{17DBE0DA-800D-4584-A1F4-0D369B89708A}.Debug|Any CPU.ActiveCfg = Debug|Any CPU
		{17DBE0DA-800D-4584-A1F4-0D369B89708A}.Debug|Any CPU.Build.0 = Debug|Any CPU
		{17DBE0DA-800D-4584-A1F4-0D369B89708A}.Release|Any CPU.ActiveCfg = Release|Any CPU
		{17DBE0DA-800D-4584-A1F4-0D369B89708A}.Release|Any CPU.Build.0 = Release|Any CPU
		{CD284282-5542-4D96-BDB5-52C6A2784ECD}.Debug|Any CPU.ActiveCfg = Debug|Any CPU
		{CD284282-5542-4D96-BDB5-52C6A2784ECD}.Debug|Any CPU.Build.0 = Debug|Any CPU
		{CD284282-5542-4D96-BDB5-52C6A2784ECD}.Release|Any CPU.ActiveCfg = Release|Any CPU
		{CD284282-5542-4D96-BDB5-52C6A2784ECD}.Release|Any CPU.Build.0 = Release|Any CPU
		{90CF9733-CC0F-44FB-8380-F33A1F5151C0}.Debug|Any CPU.ActiveCfg = Debug|Any CPU
		{90CF9733-CC0F-44FB-8380-F33A1F5151C0}.Debug|Any CPU.Build.0 = Debug|Any CPU
		{90CF9733-CC0F-44FB-8380-F33A1F5151C0}.Release|Any CPU.ActiveCfg = Release|Any CPU
		{90CF9733-CC0F-44FB-8380-F33A1F5151C0}.Release|Any CPU.Build.0 = Release|Any CPU
		{C32FB5D9-11F3-4810-80C8-BCE94F9F3356}.Debug|Any CPU.ActiveCfg = Debug|Any CPU
		{C32FB5D9-11F3-4810-80C8-BCE94F9F3356}.Debug|Any CPU.Build.0 = Debug|Any CPU
		{C32FB5D9-11F3-4810-80C8-BCE94F9F3356}.Release|Any CPU.ActiveCfg = Release|Any CPU
		{C32FB5D9-11F3-4810-80C8-BCE94F9F3356}.Release|Any CPU.Build.0 = Release|Any CPU
		{C0776EDD-F22F-432F-8600-B4FAD7A90E48}.Debug|Any CPU.ActiveCfg = Debug|Any CPU
		{C0776EDD-F22F-432F-8600-B4FAD7A90E48}.Debug|Any CPU.Build.0 = Debug|Any CPU
		{C0776EDD-F22F-432F-8600-B4FAD7A90E48}.Release|Any CPU.ActiveCfg = Release|Any CPU
		{C0776EDD-F22F-432F-8600-B4FAD7A90E48}.Release|Any CPU.Build.0 = Release|Any CPU
		{BEB13E63-A134-46A1-B3A5-4E41BBEC630C}.Debug|Any CPU.ActiveCfg = Debug|Any CPU
		{BEB13E63-A134-46A1-B3A5-4E41BBEC630C}.Debug|Any CPU.Build.0 = Debug|Any CPU
		{BEB13E63-A134-46A1-B3A5-4E41BBEC630C}.Release|Any CPU.ActiveCfg = Release|Any CPU
		{BEB13E63-A134-46A1-B3A5-4E41BBEC630C}.Release|Any CPU.Build.0 = Release|Any CPU
		{D70C2AF2-EB0E-4F51-8A41-3A259C636374}.Debug|Any CPU.ActiveCfg = Debug|Any CPU
		{D70C2AF2-EB0E-4F51-8A41-3A259C636374}.Debug|Any CPU.Build.0 = Debug|Any CPU
		{D70C2AF2-EB0E-4F51-8A41-3A259C636374}.Release|Any CPU.ActiveCfg = Release|Any CPU
		{D70C2AF2-EB0E-4F51-8A41-3A259C636374}.Release|Any CPU.Build.0 = Release|Any CPU
	EndGlobalSection
	GlobalSection(SolutionProperties) = preSolution
		HideSolutionNode = FALSE
	EndGlobalSection
	GlobalSection(NestedProjects) = preSolution
		{FB24871F-7BFC-4A2C-96F4-57011127CAB1} = {2FD24D7D-6DAE-4770-896F-7A920A17D233}
		{DC8C9994-897D-44D8-B68D-1F57D95AC087} = {2FD24D7D-6DAE-4770-896F-7A920A17D233}
		{710EF361-E6F0-4EE3-94DC-CF004ED3A16D} = {2FD24D7D-6DAE-4770-896F-7A920A17D233}
		{4072D92D-19F5-4061-8A89-E1AD622BB7A4} = {F3A52243-7C10-425C-B32F-8FD950792F38}
		{875F195D-67F4-4FAF-A6E5-C692CB86B3B1} = {F3A52243-7C10-425C-B32F-8FD950792F38}
		{EC0EBF52-8747-4E9B-BE13-654B087808C0} = {F3A52243-7C10-425C-B32F-8FD950792F38}
		{E6C8C274-496F-4AC0-8F52-683435ECC797} = {F3A52243-7C10-425C-B32F-8FD950792F38}
		{3E08E3AA-839B-44B9-95F8-3A4064728FD7} = {F3A52243-7C10-425C-B32F-8FD950792F38}
		{44518C28-59FA-417A-BFB3-E9A71658AFCB} = {F3A52243-7C10-425C-B32F-8FD950792F38}
		{4B6A6569-0E0D-4166-AF84-EEE35C7A102B} = {9E4BDD3E-67CC-4005-A9DB-E4DEA1393460}
		{7DF23BBE-1E8C-480E-A7DC-06425D59C9E6} = {9E4BDD3E-67CC-4005-A9DB-E4DEA1393460}
		{DE7AEFD1-9B17-4560-8144-4A4A8FD5439E} = {9E4BDD3E-67CC-4005-A9DB-E4DEA1393460}
		{73CA7D8F-FDCF-4393-9CF2-F967803EAA37} = {9E4BDD3E-67CC-4005-A9DB-E4DEA1393460}
		{C7E45A6E-F325-49DB-85DB-55492DCA0051} = {F9EDD95B-3166-49B8-9250-6985A0BE68AA}
		{FE02CD60-CA47-40ED-A931-68E0C1EEA2AA} = {F9EDD95B-3166-49B8-9250-6985A0BE68AA}
		{ABAF4741-FDF1-40BC-89C8-44E8DFB5CB17} = {F9EDD95B-3166-49B8-9250-6985A0BE68AA}
		{61F807B4-1840-43E1-83B9-FFEEEA157CFC} = {F9EDD95B-3166-49B8-9250-6985A0BE68AA}
		{9601B398-F0E3-4CA1-B717-085D71186C03} = {B070031A-3CBD-46D2-9E3D-5E76DC86FC3D}
		{90091834-C917-4F2F-8BD1-2C8C115EC78D} = {B070031A-3CBD-46D2-9E3D-5E76DC86FC3D}
		{37C5F875-3AD7-4E89-8D62-5040EEC0A40D} = {47DE4CE2-40CE-4F97-9692-0580ED61D751}
		{9EF567DE-FAC8-43F3-95A0-C0EBC1871800} = {47DE4CE2-40CE-4F97-9692-0580ED61D751}
		{5CEDC6B6-DD80-41A2-9AD7-89985F72BE7B} = {F062D65B-243E-4681-8F76-1C8B4630A056}
		{57E438E8-1710-4426-8208-57D394B484DF} = {F062D65B-243E-4681-8F76-1C8B4630A056}
		{4EDC945C-6CB8-4682-B144-6190E593CE3E} = {87C1FB08-91FC-4BC8-A1AA-7EFABDD1D017}
		{02EC27B2-D0E9-4F37-A332-E64B45C923BC} = {87C1FB08-91FC-4BC8-A1AA-7EFABDD1D017}
		{98A6FDB2-4BEB-4C36-9D35-251C6465DED0} = {87C1FB08-91FC-4BC8-A1AA-7EFABDD1D017}
		{F5F04830-A522-4098-A931-8F370071F68D} = {87C1FB08-91FC-4BC8-A1AA-7EFABDD1D017}
		{5D8F7990-2EE8-4D45-AD79-EF30E2170C28} = {87C1FB08-91FC-4BC8-A1AA-7EFABDD1D017}
		{1160927A-C264-4BCA-9103-9F955F7D8D14} = {87C1FB08-91FC-4BC8-A1AA-7EFABDD1D017}
		{21351ECB-D4AF-45C1-9A53-4E61EA8D871A} = {87C1FB08-91FC-4BC8-A1AA-7EFABDD1D017}
		{AAA15C8F-7E29-4AF8-90E2-49761BF1C3D0} = {87C1FB08-91FC-4BC8-A1AA-7EFABDD1D017}
		{7EC35E16-7F2D-496E-A688-A1632F63CE2C} = {63105AFD-9EE8-472F-A2A1-8AF5C5F72DBA}
		{2A967C9B-0AD2-4C66-B83C-D162DADB700C} = {63105AFD-9EE8-472F-A2A1-8AF5C5F72DBA}
		{44251BDD-C5A3-48D8-A138-AC89C8FDDB70} = {2FD24D7D-6DAE-4770-896F-7A920A17D233}
		{22F2664D-45A7-45BD-AC36-A48C2E77DD5D} = {2FD24D7D-6DAE-4770-896F-7A920A17D233}
		{17DBE0DA-800D-4584-A1F4-0D369B89708A} = {9E4BDD3E-67CC-4005-A9DB-E4DEA1393460}
		{CD284282-5542-4D96-BDB5-52C6A2784ECD} = {F9EDD95B-3166-49B8-9250-6985A0BE68AA}
		{90CF9733-CC0F-44FB-8380-F33A1F5151C0} = {F9EDD95B-3166-49B8-9250-6985A0BE68AA}
		{C32FB5D9-11F3-4810-80C8-BCE94F9F3356} = {F9EDD95B-3166-49B8-9250-6985A0BE68AA}
		{C0776EDD-F22F-432F-8600-B4FAD7A90E48} = {F9EDD95B-3166-49B8-9250-6985A0BE68AA}
		{BEB13E63-A134-46A1-B3A5-4E41BBEC630C} = {B070031A-3CBD-46D2-9E3D-5E76DC86FC3D}
		{D70C2AF2-EB0E-4F51-8A41-3A259C636374} = {48476509-8567-4A56-8D50-B36D898FAE19}
	EndGlobalSection
	GlobalSection(ExtensibilityGlobals) = postSolution
		SolutionGuid = {64A1EE09-437F-41D4-AE52-A1D485FA90DC}
	EndGlobalSection
EndGlobal
